// !$*UTF8*$!
{
	archiveVersion = 1;
	classes = {
	};
	objectVersion = 50;
	objects = {

/* Begin PBXBuildFile section */
		F30A782C24EF561A00F27A24 /* AppDelegate.swift in Sources */ = {isa = PBXBuildFile; fileRef = F30A782B24EF561A00F27A24 /* AppDelegate.swift */; };
		F30A782E24EF561A00F27A24 /* art.scnassets in Resources */ = {isa = PBXBuildFile; fileRef = F30A782D24EF561A00F27A24 /* art.scnassets */; };
		F30A783024EF561A00F27A24 /* ViewController.swift in Sources */ = {isa = PBXBuildFile; fileRef = F30A782F24EF561A00F27A24 /* ViewController.swift */; };
		F30A783324EF561A00F27A24 /* Main.storyboard in Resources */ = {isa = PBXBuildFile; fileRef = F30A783124EF561A00F27A24 /* Main.storyboard */; };
		F30A783524EF561E00F27A24 /* Assets.xcassets in Resources */ = {isa = PBXBuildFile; fileRef = F30A783424EF561E00F27A24 /* Assets.xcassets */; };
		F30A783824EF561E00F27A24 /* LaunchScreen.storyboard in Resources */ = {isa = PBXBuildFile; fileRef = F30A783624EF561E00F27A24 /* LaunchScreen.storyboard */; };
		F30A784124EF634E00F27A24 /* Extensions.swift in Sources */ = {isa = PBXBuildFile; fileRef = F30A783F24EF634E00F27A24 /* Extensions.swift */; };
		F30A784224EF634E00F27A24 /* UIView+Layout.swift in Sources */ = {isa = PBXBuildFile; fileRef = F30A784024EF634E00F27A24 /* UIView+Layout.swift */; };
		F3BFC28A24F6DDD500C77271 /* seagulls.wav in Resources */ = {isa = PBXBuildFile; fileRef = F3BFC28924F6DDD500C77271 /* seagulls.wav */; };
		F3C8C0D224F6D8A6008B7040 /* VoiceRecordingController.swift in Sources */ = {isa = PBXBuildFile; fileRef = F3C8C0D124F6D8A6008B7040 /* VoiceRecordingController.swift */; };
/* End PBXBuildFile section */

/* Begin PBXFileReference section */
		F30A782824EF561A00F27A24 /* AR Image Recognition.app */ = {isa = PBXFileReference; explicitFileType = wrapper.application; includeInIndex = 0; path = "AR Image Recognition.app"; sourceTree = BUILT_PRODUCTS_DIR; };
		F30A782B24EF561A00F27A24 /* AppDelegate.swift */ = {isa = PBXFileReference; lastKnownFileType = sourcecode.swift; path = AppDelegate.swift; sourceTree = "<group>"; };
		F30A782D24EF561A00F27A24 /* art.scnassets */ = {isa = PBXFileReference; lastKnownFileType = wrapper.scnassets; path = art.scnassets; sourceTree = "<group>"; };
		F30A782F24EF561A00F27A24 /* ViewController.swift */ = {isa = PBXFileReference; lastKnownFileType = sourcecode.swift; path = ViewController.swift; sourceTree = "<group>"; };
		F30A783224EF561A00F27A24 /* Base */ = {isa = PBXFileReference; lastKnownFileType = file.storyboard; name = Base; path = Base.lproj/Main.storyboard; sourceTree = "<group>"; };
		F30A783424EF561E00F27A24 /* Assets.xcassets */ = {isa = PBXFileReference; lastKnownFileType = folder.assetcatalog; path = Assets.xcassets; sourceTree = "<group>"; };
		F30A783724EF561E00F27A24 /* Base */ = {isa = PBXFileReference; lastKnownFileType = file.storyboard; name = Base; path = Base.lproj/LaunchScreen.storyboard; sourceTree = "<group>"; };
		F30A783924EF561E00F27A24 /* Info.plist */ = {isa = PBXFileReference; lastKnownFileType = text.plist.xml; path = Info.plist; sourceTree = "<group>"; };
		F30A783F24EF634E00F27A24 /* Extensions.swift */ = {isa = PBXFileReference; lastKnownFileType = sourcecode.swift; path = Extensions.swift; sourceTree = "<group>"; };
		F30A784024EF634E00F27A24 /* UIView+Layout.swift */ = {isa = PBXFileReference; lastKnownFileType = sourcecode.swift; path = "UIView+Layout.swift"; sourceTree = "<group>"; };
		F3BFC28924F6DDD500C77271 /* seagulls.wav */ = {isa = PBXFileReference; lastKnownFileType = audio.wav; name = seagulls.wav; path = Assets/Audio/seagulls.wav; sourceTree = SOURCE_ROOT; };
		F3C8C0D124F6D8A6008B7040 /* VoiceRecordingController.swift */ = {isa = PBXFileReference; lastKnownFileType = sourcecode.swift; path = VoiceRecordingController.swift; sourceTree = "<group>"; };
/* End PBXFileReference section */

/* Begin PBXFrameworksBuildPhase section */
		F30A782524EF561A00F27A24 /* Frameworks */ = {
			isa = PBXFrameworksBuildPhase;
			buildActionMask = 2147483647;
			files = (
			);
			runOnlyForDeploymentPostprocessing = 0;
		};
/* End PBXFrameworksBuildPhase section */

/* Begin PBXGroup section */
		F30A781F24EF561A00F27A24 = {
			isa = PBXGroup;
			children = (
				F30A782A24EF561A00F27A24 /* AR Image Recognition */,
				F30A782924EF561A00F27A24 /* Products */,
			);
			sourceTree = "<group>";
		};
		F30A782924EF561A00F27A24 /* Products */ = {
			isa = PBXGroup;
			children = (
				F30A782824EF561A00F27A24 /* AR Image Recognition.app */,
			);
			name = Products;
			sourceTree = "<group>";
		};
		F30A782A24EF561A00F27A24 /* AR Image Recognition */ = {
			isa = PBXGroup;
			children = (
				F3BFC28924F6DDD500C77271 /* seagulls.wav */,
				F30A782D24EF561A00F27A24 /* art.scnassets */,
				F30A782B24EF561A00F27A24 /* AppDelegate.swift */,
				F30A783F24EF634E00F27A24 /* Extensions.swift */,
				F30A784024EF634E00F27A24 /* UIView+Layout.swift */,
				F30A782F24EF561A00F27A24 /* ViewController.swift */,
				F3C8C0D124F6D8A6008B7040 /* VoiceRecordingController.swift */,
				F30A783124EF561A00F27A24 /* Main.storyboard */,
				F30A783424EF561E00F27A24 /* Assets.xcassets */,
				F30A783624EF561E00F27A24 /* LaunchScreen.storyboard */,
				F30A783924EF561E00F27A24 /* Info.plist */,
			);
			path = "AR Image Recognition";
			sourceTree = "<group>";
		};
/* End PBXGroup section */

/* Begin PBXNativeTarget section */
		F30A782724EF561A00F27A24 /* AR Image Recognition */ = {
			isa = PBXNativeTarget;
			buildConfigurationList = F30A783C24EF561E00F27A24 /* Build configuration list for PBXNativeTarget "AR Image Recognition" */;
			buildPhases = (
				F30A782424EF561A00F27A24 /* Sources */,
				F30A782524EF561A00F27A24 /* Frameworks */,
				F30A782624EF561A00F27A24 /* Resources */,
			);
			buildRules = (
			);
			dependencies = (
			);
			name = "AR Image Recognition";
			productName = "AR Image Recognition";
			productReference = F30A782824EF561A00F27A24 /* AR Image Recognition.app */;
			productType = "com.apple.product-type.application";
		};
/* End PBXNativeTarget section */

/* Begin PBXProject section */
		F30A782024EF561A00F27A24 /* Project object */ = {
			isa = PBXProject;
			attributes = {
				LastSwiftUpdateCheck = 1160;
				LastUpgradeCheck = 1160;
				ORGANIZATIONNAME = "Zackary O'Connor";
				TargetAttributes = {
					F30A782724EF561A00F27A24 = {
						CreatedOnToolsVersion = 11.6;
					};
				};
			};
			buildConfigurationList = F30A782324EF561A00F27A24 /* Build configuration list for PBXProject "AR Image Recognition" */;
			compatibilityVersion = "Xcode 9.3";
			developmentRegion = en;
			hasScannedForEncodings = 0;
			knownRegions = (
				en,
				Base,
			);
			mainGroup = F30A781F24EF561A00F27A24;
			productRefGroup = F30A782924EF561A00F27A24 /* Products */;
			projectDirPath = "";
			projectRoot = "";
			targets = (
				F30A782724EF561A00F27A24 /* AR Image Recognition */,
			);
		};
/* End PBXProject section */

/* Begin PBXResourcesBuildPhase section */
		F30A782624EF561A00F27A24 /* Resources */ = {
			isa = PBXResourcesBuildPhase;
			buildActionMask = 2147483647;
			files = (
				F30A782E24EF561A00F27A24 /* art.scnassets in Resources */,
				F30A783824EF561E00F27A24 /* LaunchScreen.storyboard in Resources */,
				F3BFC28A24F6DDD500C77271 /* seagulls.wav in Resources */,
				F30A783524EF561E00F27A24 /* Assets.xcassets in Resources */,
				F30A783324EF561A00F27A24 /* Main.storyboard in Resources */,
			);
			runOnlyForDeploymentPostprocessing = 0;
		};
/* End PBXResourcesBuildPhase section */

/* Begin PBXSourcesBuildPhase section */
		F30A782424EF561A00F27A24 /* Sources */ = {
			isa = PBXSourcesBuildPhase;
			buildActionMask = 2147483647;
			files = (
				F30A784224EF634E00F27A24 /* UIView+Layout.swift in Sources */,
				F30A783024EF561A00F27A24 /* ViewController.swift in Sources */,
				F30A784124EF634E00F27A24 /* Extensions.swift in Sources */,
				F30A782C24EF561A00F27A24 /* AppDelegate.swift in Sources */,
				F3C8C0D224F6D8A6008B7040 /* VoiceRecordingController.swift in Sources */,
			);
			runOnlyForDeploymentPostprocessing = 0;
		};
/* End PBXSourcesBuildPhase section */

/* Begin PBXVariantGroup section */
		F30A783124EF561A00F27A24 /* Main.storyboard */ = {
			isa = PBXVariantGroup;
			children = (
				F30A783224EF561A00F27A24 /* Base */,
			);
			name = Main.storyboard;
			sourceTree = "<group>";
		};
		F30A783624EF561E00F27A24 /* LaunchScreen.storyboard */ = {
			isa = PBXVariantGroup;
			children = (
				F30A783724EF561E00F27A24 /* Base */,
			);
			name = LaunchScreen.storyboard;
			sourceTree = "<group>";
		};
/* End PBXVariantGroup section */

/* Begin XCBuildConfiguration section */
		F30A783A24EF561E00F27A24 /* Debug */ = {
			isa = XCBuildConfiguration;
			buildSettings = {
				ALWAYS_SEARCH_USER_PATHS = NO;
				CLANG_ANALYZER_NONNULL = YES;
				CLANG_ANALYZER_NUMBER_OBJECT_CONVERSION = YES_AGGRESSIVE;
				CLANG_CXX_LANGUAGE_STANDARD = "gnu++14";
				CLANG_CXX_LIBRARY = "libc++";
				CLANG_ENABLE_MODULES = YES;
				CLANG_ENABLE_OBJC_ARC = YES;
				CLANG_ENABLE_OBJC_WEAK = YES;
				CLANG_WARN_BLOCK_CAPTURE_AUTORELEASING = YES;
				CLANG_WARN_BOOL_CONVERSION = YES;
				CLANG_WARN_COMMA = YES;
				CLANG_WARN_CONSTANT_CONVERSION = YES;
				CLANG_WARN_DEPRECATED_OBJC_IMPLEMENTATIONS = YES;
				CLANG_WARN_DIRECT_OBJC_ISA_USAGE = YES_ERROR;
				CLANG_WARN_DOCUMENTATION_COMMENTS = YES;
				CLANG_WARN_EMPTY_BODY = YES;
				CLANG_WARN_ENUM_CONVERSION = YES;
				CLANG_WARN_INFINITE_RECURSION = YES;
				CLANG_WARN_INT_CONVERSION = YES;
				CLANG_WARN_NON_LITERAL_NULL_CONVERSION = YES;
				CLANG_WARN_OBJC_IMPLICIT_RETAIN_SELF = YES;
				CLANG_WARN_OBJC_LITERAL_CONVERSION = YES;
				CLANG_WARN_OBJC_ROOT_CLASS = YES_ERROR;
				CLANG_WARN_RANGE_LOOP_ANALYSIS = YES;
				CLANG_WARN_STRICT_PROTOTYPES = YES;
				CLANG_WARN_SUSPICIOUS_MOVE = YES;
				CLANG_WARN_UNGUARDED_AVAILABILITY = YES_AGGRESSIVE;
				CLANG_WARN_UNREACHABLE_CODE = YES;
				CLANG_WARN__DUPLICATE_METHOD_MATCH = YES;
				COPY_PHASE_STRIP = NO;
				DEBUG_INFORMATION_FORMAT = dwarf;
				ENABLE_STRICT_OBJC_MSGSEND = YES;
				ENABLE_TESTABILITY = YES;
				GCC_C_LANGUAGE_STANDARD = gnu11;
				GCC_DYNAMIC_NO_PIC = NO;
				GCC_NO_COMMON_BLOCKS = YES;
				GCC_OPTIMIZATION_LEVEL = 0;
				GCC_PREPROCESSOR_DEFINITIONS = (
					"DEBUG=1",
					"$(inherited)",
				);
				GCC_WARN_64_TO_32_BIT_CONVERSION = YES;
				GCC_WARN_ABOUT_RETURN_TYPE = YES_ERROR;
				GCC_WARN_UNDECLARED_SELECTOR = YES;
				GCC_WARN_UNINITIALIZED_AUTOS = YES_AGGRESSIVE;
				GCC_WARN_UNUSED_FUNCTION = YES;
				GCC_WARN_UNUSED_VARIABLE = YES;
				IPHONEOS_DEPLOYMENT_TARGET = 13.6;
				MTL_ENABLE_DEBUG_INFO = INCLUDE_SOURCE;
				MTL_FAST_MATH = YES;
				ONLY_ACTIVE_ARCH = YES;
				SDKROOT = iphoneos;
				SWIFT_ACTIVE_COMPILATION_CONDITIONS = DEBUG;
				SWIFT_OPTIMIZATION_LEVEL = "-Onone";
			};
			name = Debug;
		};
		F30A783B24EF561E00F27A24 /* Release */ = {
			isa = XCBuildConfiguration;
			buildSettings = {
				ALWAYS_SEARCH_USER_PATHS = NO;
				CLANG_ANALYZER_NONNULL = YES;
				CLANG_ANALYZER_NUMBER_OBJECT_CONVERSION = YES_AGGRESSIVE;
				CLANG_CXX_LANGUAGE_STANDARD = "gnu++14";
				CLANG_CXX_LIBRARY = "libc++";
				CLANG_ENABLE_MODULES = YES;
				CLANG_ENABLE_OBJC_ARC = YES;
				CLANG_ENABLE_OBJC_WEAK = YES;
				CLANG_WARN_BLOCK_CAPTURE_AUTORELEASING = YES;
				CLANG_WARN_BOOL_CONVERSION = YES;
				CLANG_WARN_COMMA = YES;
				CLANG_WARN_CONSTANT_CONVERSION = YES;
				CLANG_WARN_DEPRECATED_OBJC_IMPLEMENTATIONS = YES;
				CLANG_WARN_DIRECT_OBJC_ISA_USAGE = YES_ERROR;
				CLANG_WARN_DOCUMENTATION_COMMENTS = YES;
				CLANG_WARN_EMPTY_BODY = YES;
				CLANG_WARN_ENUM_CONVERSION = YES;
				CLANG_WARN_INFINITE_RECURSION = YES;
				CLANG_WARN_INT_CONVERSION = YES;
				CLANG_WARN_NON_LITERAL_NULL_CONVERSION = YES;
				CLANG_WARN_OBJC_IMPLICIT_RETAIN_SELF = YES;
				CLANG_WARN_OBJC_LITERAL_CONVERSION = YES;
				CLANG_WARN_OBJC_ROOT_CLASS = YES_ERROR;
				CLANG_WARN_RANGE_LOOP_ANALYSIS = YES;
				CLANG_WARN_STRICT_PROTOTYPES = YES;
				CLANG_WARN_SUSPICIOUS_MOVE = YES;
				CLANG_WARN_UNGUARDED_AVAILABILITY = YES_AGGRESSIVE;
				CLANG_WARN_UNREACHABLE_CODE = YES;
				CLANG_WARN__DUPLICATE_METHOD_MATCH = YES;
				COPY_PHASE_STRIP = NO;
				DEBUG_INFORMATION_FORMAT = "dwarf-with-dsym";
				ENABLE_NS_ASSERTIONS = NO;
				ENABLE_STRICT_OBJC_MSGSEND = YES;
				GCC_C_LANGUAGE_STANDARD = gnu11;
				GCC_NO_COMMON_BLOCKS = YES;
				GCC_WARN_64_TO_32_BIT_CONVERSION = YES;
				GCC_WARN_ABOUT_RETURN_TYPE = YES_ERROR;
				GCC_WARN_UNDECLARED_SELECTOR = YES;
				GCC_WARN_UNINITIALIZED_AUTOS = YES_AGGRESSIVE;
				GCC_WARN_UNUSED_FUNCTION = YES;
				GCC_WARN_UNUSED_VARIABLE = YES;
				IPHONEOS_DEPLOYMENT_TARGET = 13.6;
				MTL_ENABLE_DEBUG_INFO = NO;
				MTL_FAST_MATH = YES;
				SDKROOT = iphoneos;
				SWIFT_COMPILATION_MODE = wholemodule;
				SWIFT_OPTIMIZATION_LEVEL = "-O";
				VALIDATE_PRODUCT = YES;
			};
			name = Release;
		};
		F30A783D24EF561E00F27A24 /* Debug */ = {
			isa = XCBuildConfiguration;
			buildSettings = {
				ASSETCATALOG_COMPILER_APPICON_NAME = AppIcon;
				CODE_SIGN_STYLE = Automatic;
				DEVELOPMENT_TEAM = ZZE62SD4Y5;
				INFOPLIST_FILE = "AR Image Recognition/Info.plist";
				LD_RUNPATH_SEARCH_PATHS = (
					"$(inherited)",
					"@executable_path/Frameworks",
				);
				PRODUCT_BUNDLE_IDENTIFIER = "zackaryoconnor.AR-Image-Recognition";
				PRODUCT_NAME = "$(TARGET_NAME)";
				SWIFT_VERSION = 5.0;
				TARGETED_DEVICE_FAMILY = "1,2";
			};
			name = Debug;
		};
		F30A783E24EF561E00F27A24 /* Release */ = {
			isa = XCBuildConfiguration;
			buildSettings = {
				ASSETCATALOG_COMPILER_APPICON_NAME = AppIcon;
				CODE_SIGN_STYLE = Automatic;
				DEVELOPMENT_TEAM = ZZE62SD4Y5;
				INFOPLIST_FILE = "AR Image Recognition/Info.plist";
				LD_RUNPATH_SEARCH_PATHS = (
					"$(inherited)",
					"@executable_path/Frameworks",
				);
				PRODUCT_BUNDLE_IDENTIFIER = "zackaryoconnor.AR-Image-Recognition";
				PRODUCT_NAME = "$(TARGET_NAME)";
				SWIFT_VERSION = 5.0;
				TARGETED_DEVICE_FAMILY = "1,2";
			};
			name = Release;
		};
/* End XCBuildConfiguration section */

/* Begin XCConfigurationList section */
		F30A782324EF561A00F27A24 /* Build configuration list for PBXProject "AR Image Recognition" */ = {
			isa = XCConfigurationList;
			buildConfigurations = (
				F30A783A24EF561E00F27A24 /* Debug */,
				F30A783B24EF561E00F27A24 /* Release */,
			);
			defaultConfigurationIsVisible = 0;
			defaultConfigurationName = Release;
		};
		F30A783C24EF561E00F27A24 /* Build configuration list for PBXNativeTarget "AR Image Recognition" */ = {
			isa = XCConfigurationList;
			buildConfigurations = (
				F30A783D24EF561E00F27A24 /* Debug */,
				F30A783E24EF561E00F27A24 /* Release */,
			);
			defaultConfigurationIsVisible = 0;
			defaultConfigurationName = Release;
		};
/* End XCConfigurationList section */
	};
	rootObject = F30A782024EF561A00F27A24 /* Project object */;
}
